# This file is automatically @generated by Cargo.
# It is not intended for manual editing.
version = 4

[[package]]
name = "freelib-catalog"
version = "0.1.0"

[[package]]
name = "freelib-fb2conv"
version = "0.1.0"

[[package]]
name = "freelib-import"
version = "0.1.0"

[[package]]
name = "freelib-server"
version = "0.1.0"
dependencies = [
 "freelib-catalog",
 "freelib-fb2conv",
 "freelib-import",
]
